schema: '2.0'
stages:
  data_ingestion:
    cmd: python src/deepClassifier/pipeline/stage_01_data_ingestion.py
    deps:
    - path: configs/config.yaml
      md5: 102bad05b99b569a97bd00d0658297a4
      size: 833
    - path: src/deepClassifier/pipeline/stage_01_data_ingestion.py
      md5: 04de6113200609a0cfc46550c053f521
      size: 720
    outs:
    - path: artifacts/data_ingestion/PetImages
      md5: 3a5cf86541f22c236620ce5b952ad684.dir
      size: 848866410
      nfiles: 24998
  prepare_base_model:
    cmd: python src/deepClassifier/pipeline/stage_02_base_model.py
    deps:
    - path: configs/config.yaml
      md5: 102bad05b99b569a97bd00d0658297a4
      size: 833
    - path: src/deepClassifier/pipeline/stage_02_base_model.py
      md5: 5f4e024b902ccd0f539be02274133bed
      size: 810
    params:
      params.yaml:
        CLASSES: 2
        IMAGE_SIZE:
        - 224
        - 224
        - 3
        INCLUDE_TOP: false
        LEARNING_RATE: 0.01
        WEIGHTS: imagenet
    outs:
    - path: artifacts/prepare_base_model
      md5: 8300cd75fa89ca31f90a819710fbfd58.dir
      size: 118053368
      nfiles: 2
  training:
    cmd: python src/deepClassifier/pipeline/Stage_03_04_train.py
    deps:
    - path: artifacts/data_ingestion/PetImages
      md5: 3a5cf86541f22c236620ce5b952ad684.dir
      size: 848866410
      nfiles: 24998
    - path: artifacts/prepare_base_model
      md5: 8300cd75fa89ca31f90a819710fbfd58.dir
      size: 118053368
      nfiles: 2
    - path: configs/config.yaml
      md5: 102bad05b99b569a97bd00d0658297a4
      size: 833
    - path: src/deepClassifier/components/Callbacks.py
      md5: 0c673647a6a9b50c6a9e4cb9ff6d856c
      size: 983
    - path: src/deepClassifier/pipeline/Stage_03_04_train.py
      md5: 311b810ee516bff6fabaa3d6a2631c69
      size: 1102
    params:
      params.yaml:
        AUGMENTATION: true
        BATCH_SIZE: 16
        EPOCHs: 1
        IMAGE_SIZE:
        - 224
        - 224
        - 3
    outs:
    - path: artifacts/training/model.h5
      md5: 41130d0efe8181bef57407286845a9cb
      size: 59135136
